
Microsoft Visual Studio Solution File, Format Version 12.00
# Visual Studio Version 17
VisualStudioVersion = 17.7.34221.43
MinimumVisualStudioVersion = 10.0.40219.1
Project("{FAE04EC0-301F-11D3-BF4B-00C04F79EFBC}") = "MicroService", "MicroService\MicroService.csproj", "{04ADC3BC-3637-43EF-A47A-DB38AA95F66A}"
EndProject
Global
	GlobalSection(SolutionConfigurationPlatforms) = preSolution
		Debug|Any CPU = Debug|Any CPU
		Release|Any CPU = Release|Any CPU
	EndGlobalSection
	GlobalSection(ProjectConfigurationPlatforms) = postSolution
		{04ADC3BC-3637-43EF-A47A-DB38AA95F66A}.Debug|Any CPU.ActiveCfg = Debug|Any CPU
		{04ADC3BC-3637-43EF-A47A-DB38AA95F66A}.Debug|Any CPU.Build.0 = Debug|Any CPU
		{04ADC3BC-3637-43EF-A47A-DB38AA95F66A}.Release|Any CPU.ActiveCfg = Release|Any CPU
		{04ADC3BC-3637-43EF-A47A-DB38AA95F66A}.Release|Any CPU.Build.0 = Release|Any CPU
	EndGlobalSection
	GlobalSection(SolutionProperties) = preSolution
		HideSolutionNode = FALSE
	EndGlobalSection
	GlobalSection(ExtensibilityGlobals) = postSolution
		SolutionGuid = {56A5FE6C-CC74-4AB7-96F0-86758356772E}
	EndGlobalSection
EndGlobal
